
Microsoft Visual Studio Solution File, Format Version 12.00
# Visual Studio Version 17
VisualStudioVersion = 17.9.34622.214
MinimumVisualStudioVersion = 10.0.40219.1
Project("{2150E333-8FDC-42A3-9474-1A3956D46DE8}") = "Microservices", "Microservices", "{4384B26B-A88A-4F7E-87CE-1470632FEDD0}"
EndProject
Project("{FAE04EC0-301F-11D3-BF4B-00C04F79EFBC}") = "Login", "Login\Login.csproj", "{2E54ABBA-26E0-47E1-8079-7D29694A2BAA}"
EndProject
Global
	GlobalSection(SolutionConfigurationPlatforms) = preSolution
		Debug|Any CPU = Debug|Any CPU
		Release|Any CPU = Release|Any CPU
	EndGlobalSection
	GlobalSection(ProjectConfigurationPlatforms) = postSolution
		{2E54ABBA-26E0-47E1-8079-7D29694A2BAA}.Debug|Any CPU.ActiveCfg = Debug|Any CPU
		{2E54ABBA-26E0-47E1-8079-7D29694A2BAA}.Debug|Any CPU.Build.0 = Debug|Any CPU
		{2E54ABBA-26E0-47E1-8079-7D29694A2BAA}.Release|Any CPU.ActiveCfg = Release|Any CPU
		{2E54ABBA-26E0-47E1-8079-7D29694A2BAA}.Release|Any CPU.Build.0 = Release|Any CPU
	EndGlobalSection
	GlobalSection(SolutionProperties) = preSolution
		HideSolutionNode = FALSE
	EndGlobalSection
	GlobalSection(NestedProjects) = preSolution
		{2E54ABBA-26E0-47E1-8079-7D29694A2BAA} = {4384B26B-A88A-4F7E-87CE-1470632FEDD0}
	EndGlobalSection
	GlobalSection(ExtensibilityGlobals) = postSolution
		SolutionGuid = {BE86759D-5C96-4106-BAD7-65BF7F316141}
	EndGlobalSection
EndGlobal
